dependencies:
- name: grafana
  repository: https://grafana.github.io/helm-charts
  version: 10.5.15
- name: influxdb
  repository: file://../../apps/influxdb
  version: 0.1.0
- name: postgresql
  repository: file://../../apps/postgresql
  version: 0.1.0
digest: sha256:faadf70878d41aba73f3459fd9cf1fa539421dfd6ae57a65febe65d344d3ba7d
generated: "2026-02-09T15:03:02.111230026+01:00"
