dependencies:
- name: grafana
  repository: https://grafana.github.io/helm-charts
  version: 10.5.15
- name: prometheus
  repository: https://prometheus-community.github.io/helm-charts
  version: 28.9.0
- name: influxdb
  repository: file://../../apps/influxdb
  version: 0.1.0
- name: postgresql
  repository: file://../../apps/postgresql
  version: 0.1.0
digest: sha256:a58a4f4a1a924f43b25639ca7089169acbb92620f556760f8ae162500d3d1e04
generated: "2026-02-09T16:02:28.636484475+01:00"
